
Microsoft Visual Studio Solution File, Format Version 12.00
# Visual Studio 14
VisualStudioVersion = 14.0.25123.0
MinimumVisualStudioVersion = 10.0.40219.1
Project("{FAE04EC0-301F-11D3-BF4B-00C04F79EFBC}") = "Autoaddress2.0SDK", "Autoaddress2.0SDK\Autoaddress2.0SDK.csproj", "{C9BC21DF-F850-4FC8-993C-29793CD57DAA}"
EndProject
Project("{FAE04EC0-301F-11D3-BF4B-00C04F79EFBC}") = "Autoaddress2.0SDK.Test", "Autoaddress2.0SDK.Test\Autoaddress2.0SDK.Test.csproj", "{4873ABEB-119E-47E3-98C1-B3B9D204D65E}"
EndProject
Global
	GlobalSection(SolutionConfigurationPlatforms) = preSolution
		Debug|Any CPU = Debug|Any CPU
		Release|Any CPU = Release|Any CPU
	EndGlobalSection
	GlobalSection(ProjectConfigurationPlatforms) = postSolution
		{C9BC21DF-F850-4FC8-993C-29793CD57DAA}.Debug|Any CPU.ActiveCfg = Debug|Any CPU
		{C9BC21DF-F850-4FC8-993C-29793CD57DAA}.Debug|Any CPU.Build.0 = Debug|Any CPU
		{C9BC21DF-F850-4FC8-993C-29793CD57DAA}.Release|Any CPU.ActiveCfg = Release|Any CPU
		{C9BC21DF-F850-4FC8-993C-29793CD57DAA}.Release|Any CPU.Build.0 = Release|Any CPU
		{4873ABEB-119E-47E3-98C1-B3B9D204D65E}.Debug|Any CPU.ActiveCfg = Debug|Any CPU
		{4873ABEB-119E-47E3-98C1-B3B9D204D65E}.Debug|Any CPU.Build.0 = Debug|Any CPU
		{4873ABEB-119E-47E3-98C1-B3B9D204D65E}.Release|Any CPU.ActiveCfg = Release|Any CPU
		{4873ABEB-119E-47E3-98C1-B3B9D204D65E}.Release|Any CPU.Build.0 = Release|Any CPU
	EndGlobalSection
	GlobalSection(SolutionProperties) = preSolution
		HideSolutionNode = FALSE
	EndGlobalSection
EndGlobal
